{
  "name": "k-skill",
  "lockfileVersion": 3,
  "requires": true,
  "packages": {
    "": {
      "name": "k-skill",
      "workspaces": [
        "packages/*"
      ],
      "devDependencies": {
        "@changesets/cli": "^3.0.1",
        "@types/node": "^22.14.1",
        "typescript": "^5.8.2"
      },
      "engines": {
        "node": ">=18"
      }
    },
    "node_modules/@changesets/apply-release-plan": {
      "version": "8.0.0",
      "resolved": "https://registry.npmjs.org/@changesets/apply-release-plan/-/apply-release-plan-8.0.0.tgz",
      "integrity": "sha512-kUd2pbf1w5/AYmBMb0Tt+rkIPCjFJdT0SZMrkOjJT/WV/QbtmvkyB5jkV0oaNPheavprZk+SfUiozUti7TIL2w==",
      "dev": true,
      "license": "MIT",
      "dependencies": {
        "@changesets/config": "^4.0.0",
        "@changesets/format": "^0.1.1",
        "@changesets/git": "^4.0.0",
        "@changesets/should-skip-package": "^1.0.0",
        "@changesets/types": "^7.0.0",
        "import-meta-resolve": "^4.2.0",
        "jsonc-parser": "^3.3.1",
        "semver": "^7.8.1"
      },
      "engines": {
        "node": "^22.11 || ^24 || >=26"
      }
    },
    "node_modules/@changesets/assemble-release-plan": {
      "version": "7.0.0",
      "resolved": "https://registry.npmjs.org/@changesets/assemble-release-plan/-/assemble-release-plan-7.0.0.tgz",
      "integrity": "sha512-oEW8BxdA604kGGtDSCiHr5w9Tv4UWe9I2k61IBNZzCOE1kbYaJj4v+lFQNgcEZFkUc2pV/+hASErGDvpJOZCTg==",
      "dev": true,
      "license": "MIT",
      "dependencies": {
        "@changesets/errors": "^1.0.0",
        "@changesets/get-dependents-graph": "^3.0.0",
        "@changesets/should-skip-package": "^1.0.0",
        "@changesets/types": "^7.0.0",
        "semver": "^7.8.1"
      },
      "engines": {
        "node": "^22.11 || ^24 || >=26"
      }
    },
    "node_modules/@changesets/changelog-git": {
      "version": "1.0.0",
      "resolved": "https://registry.npmjs.org/@changesets/changelog-git/-/changelog-git-1.0.0.tgz",
      "integrity": "sha512-3Dst2Ime2Op5nd4XmWJLPIgp11ZFqJqSkVug9izK6TDcIV4YlhPS4ECbEVR+eGI0bk0r1ItogD4j2Oli87bJrA==",
      "dev": true,
      "license": "MIT",
      "dependencies": {
        "@changesets/types": "^7.0.0"
      },
      "engines": {
        "node": "^22.11 || ^24 || >=26"
      }
    },
    "node_modules/@changesets/cli": {
      "version": "3.0.1",
      "resolved": "https://registry.npmjs.org/@changesets/cli/-/cli-3.0.1.tgz",
      "integrity": "sha512-3IVpRSgiKDj2aRbBHKtWTXSRH2/iR3bWxau9iQUoEsZjDhRIj9nhl90k7FWMxZAJvLgJBbgMq8+qS0xQsenYsQ==",
      "dev": true,
      "license": "MIT",
      "dependencies": {
        "@changesets/apply-release-plan": "^8.0.0",
        "@changesets/assemble-release-plan": "^7.0.0",
        "@changesets/changelog-git": "^1.0.0",
        "@changesets/config": "^4.0.0",
        "@changesets/errors": "^1.0.0",
        "@changesets/get-dependents-graph": "^3.0.0",
        "@changesets/git": "^4.0.0",
        "@changesets/pre": "^3.0.0",
        "@changesets/read": "^1.0.0",
        "@changesets/should-skip-package": "^1.0.0",
        "@changesets/types": "^7.0.0",
        "@changesets/write": "^1.0.1",
        "@clack/prompts": "^1.7.0",
        "@manypkg/get-packages": "^3.1.0",
        "@pnpm/deps.graph-sequencer": "^1100.0.1",
        "cac": "^7.0.0",
        "import-meta-resolve": "^4.2.0",
        "launch-editor": "^2.14.1",
        "package-manager-detector": "^1.6.0",
        "semver": "^7.8.1",
        "tinyexec": "^1.3.0"
      },
      "bin": {
        "changeset": "bin.js"
      },
      "engines": {
        "node": "^22.11 || ^24 || >=26",
        "npm": ">=10.9.0",
        "pnpm": ">=10.0.0",
        "yarn": ">=4.5.2"
      }
    },
    "node_modules/@changesets/config": {
      "version": "4.0.0",
      "resolved": "https://registry.npmjs.org/@changesets/config/-/config-4.0.0.tgz",
      "integrity": "sha512-mw95/YrkOuhZZxfnVAA4bSXOFUi+KlhzOBTM8C4x777NhUU6HWIl9Z+K+nME+E4PVsv5NQVQwTfiHihAS1A/ow==",
      "dev": true,
      "license": "MIT",
      "dependencies": {
        "@changesets/get-dependents-graph": "^3.0.0",
        "@changesets/should-skip-package": "^1.0.0",
        "@changesets/types": "^7.0.0",
        "@manypkg/get-packages": "^3.1.0",
        "picomatch": "^4.0.4"
      },
      "engines": {
        "node": "^22.11 || ^24 || >=26"
      }
    },
    "node_modules/@changesets/errors": {
      "version": "1.0.0",
      "resolved": "https://registry.npmjs.org/@changesets/errors/-/errors-1.0.0.tgz",
      "integrity": "sha512-ElN/mEzn6zmETgjwf5MclCMa9ef59sAR0lfO8VSYIsiRvbC2FbLB/92EoYw10Sl0kGixxHFiJZUSv7dA+YpR8g==",
      "dev": true,
      "license": "MIT",
      "engines": {
        "node": "^22.11 || ^24 || >=26"
      }
    },
    "node_modules/@changesets/format": {
      "version": "0.1.2",
      "resolved": "https://registry.npmjs.org/@changesets/format/-/format-0.1.2.tgz",
      "integrity": "sha512-Caez5XtNXCFS/G5bwyav3wuXL0tMxVd2ZGbaumWbzN08tyzO21asCw7JZhNtVsAZDCvDRUzZN+Iit9SyRITSYA==",
      "dev": true,
      "license": "MIT",
      "dependencies": {
        "package-manager-detector": "^1.8.0",
        "tinyexec": "^1.3.0"
      },
      "engines": {
        "node": "^22.11 || ^24 || >=26"
      }
    },
    "node_modules/@changesets/get-dependents-graph": {
      "version": "3.0.0",
      "resolved": "https://registry.npmjs.org/@changesets/get-dependents-graph/-/get-dependents-graph-3.0.0.tgz",
      "integrity": "sha512-ji/t5wFA1zREKXRUePE6Qi+Qu2UgxCeSSGQrphezwvQZrp49B7sJ+8+wvM0tA7zPeSxYKCojDy3WWgrl+s+awg==",
      "dev": true,
      "license": "MIT",
      "dependencies": {
        "@changesets/types": "^7.0.0",
        "semver": "^7.8.1"
      },
      "engines": {
        "node": "^22.11 || ^24 || >=26"
      }
    },
    "node_modules/@changesets/git": {
      "version": "4.0.0",
      "resolved": "https://registry.npmjs.org/@changesets/git/-/git-4.0.0.tgz",
      "integrity": "sha512-uIEswpPUgzBBqrC0qg13byNaPorzhf05LE2T+gRizEKCXvMsJC6NPJp5iNDSV/gYj4Viqh09UiOF5E7XWeH5lQ==",
      "dev": true,
      "license": "MIT",
      "dependencies": {
        "@changesets/errors": "^1.0.0",
        "@changesets/types": "^7.0.0",
        "@manypkg/get-packages": "^3.1.0",
        "picomatch": "^4.0.4",
        "tinyexec": "^1.3.0"
      },
      "engines": {
        "node": "^22.11 || ^24 || >=26"
      }
    },
    "node_modules/@changesets/parse": {
      "version": "1.0.0",
      "resolved": "https://registry.npmjs.org/@changesets/parse/-/parse-1.0.0.tgz",
      "integrity": "sha512-P0iaMb9p9CRYZiTgAllEIF9AUMQHIy1G72tKlcIqJp61icZSsKQNiOPdxAMZG8m/DvZwt/oz5xEbTpike//dWg==",
      "dev": true,
      "license": "MIT",
      "dependencies": {
        "@changesets/types": "^7.0.0",
        "yaml": "^2.9.0"
      },
      "engines": {
        "node": "^22.11 || ^24 || >=26"
      }
    },
    "node_modules/@changesets/pre": {
      "version": "3.0.0",
      "resolved": "https://registry.npmjs.org/@changesets/pre/-/pre-3.0.0.tgz",
      "integrity": "sha512-Zm/6YliV/a2oeWTqHJf6KxLrQwgcK1i/BRDl2m0EKZvbnxV5fG9QRhwJJGshjsZTUTS6dkfURQ2K6aAvgNw/3Q==",
      "dev": true,
      "license": "MIT",
      "dependencies": {
        "@changesets/errors": "^1.0.0",
        "@changesets/types": "^7.0.0",
        "@manypkg/get-packages": "^3.1.0"
      },
      "engines": {
        "node": "^22.11 || ^24 || >=26"
      }
    },
    "node_modules/@changesets/read": {
      "version": "1.0.0",
      "resolved": "https://registry.npmjs.org/@changesets/read/-/read-1.0.0.tgz",
      "integrity": "sha512-8TdE2PwG6yArPt5Ozej83Z6iHz1G8BDBKvIEKZ455MccR4K3GNbLR2XqjBxa+5yLFnEd3xAOPXYboBg1pt8stQ==",
      "dev": true,
      "license": "MIT",
      "dependencies": {
        "@changesets/git": "^4.0.0",
        "@changesets/parse": "^1.0.0",
        "@changesets/types": "^7.0.0"
      },
      "engines": {
        "node": "^22.11 || ^24 || >=26"
      }
    },
    "node_modules/@changesets/should-skip-package": {
      "version": "1.0.0",
      "resolved": "https://registry.npmjs.org/@changesets/should-skip-package/-/should-skip-package-1.0.0.tgz",
      "integrity": "sha512-pwqoJmbONn1XgXmZXPEExgAaT+HdZLjALFTDgIm+PnS5KeO2nLtzA2/Q+4aMFY14kFMuXKG30MObhvDzWgzDgg==",
      "dev": true,
      "license": "MIT",
      "dependencies": {
        "@changesets/types": "^7.0.0"
      },
      "engines": {
        "node": "^22.11 || ^24 || >=26"
      }
    },
    "node_modules/@changesets/types": {
      "version": "7.0.0",
      "resolved": "https://registry.npmjs.org/@changesets/types/-/types-7.0.0.tgz",
      "integrity": "sha512-c5GoiQyt3pxiXjrWSNoP8/GRf4kG+VnKzovx1OQM8dYYALlSwgedmkPmJ+ZqGxqwg9D3Bkj85Uo4KLd5BN3A0w==",
      "dev": true,
      "license": "MIT",
      "engines": {
        "node": "^22.11 || ^24 || >=26"
      }
    },
    "node_modules/@changesets/write": {
      "version": "1.0.1",
      "resolved": "https://registry.npmjs.org/@changesets/write/-/write-1.0.1.tgz",
      "integrity": "sha512-q/ThtP9gcnEP6xlv7LrY26C2mHqdGBti/MmOVngt/M/oIGYkssmQGxPK9WzBNt2juVcH/vml2WQ+ra8LXYOTaA==",
      "dev": true,
      "license": "MIT",
      "dependencies": {
        "@changesets/format": "^0.1.1",
        "@changesets/types": "^7.0.0",
        "human-id": "^4.2.0"
      },
      "engines": {
        "node": "^22.11 || ^24 || >=26"
      }
    },
    "node_modules/@clack/core": {
      "version": "1.4.3",
      "resolved": "https://registry.npmjs.org/@clack/core/-/core-1.4.3.tgz",
      "integrity": "sha512-/kr3UWNtdJfxZtPgDqUOmG2pvwlmcLGheex5yiZKdwbzZJxhV+HMNR9QNmyY5cGwTNV6LrR7Jtp+KjhUAP1qBQ==",
      "dev": true,
      "license": "MIT",
      "dependencies": {
        "fast-wrap-ansi": "^0.2.0",
        "sisteransi": "^1.0.5"
      },
      "engines": {
        "node": ">= 20.12.0"
      }
    },
    "node_modules/@clack/prompts": {
      "version": "1.7.0",
      "resolved": "https://registry.npmjs.org/@clack/prompts/-/prompts-1.7.0.tgz",
      "integrity": "sha512-y7/yvZ2TPAnR9+jnc00klvNNLkJiXFFrQA/hlLCcxA9a2A4zQIOimyFQ9XfwYKiGD1fb5GY8vbKIIgO8d5Tb2A==",
      "dev": true,
      "license": "MIT",
      "dependencies": {
        "@clack/core": "1.4.3",
        "fast-string-width": "^3.0.2",
        "fast-wrap-ansi": "^0.2.0",
        "sisteransi": "^1.0.5"
      },
      "engines": {
        "node": ">= 20.12.0"
      }
    },
    "node_modules/@fastify/ajv-compiler": {
      "version": "4.0.5",
      "funding": [
        {
          "type": "github",
          "url": "https://github.com/sponsors/fastify"
        },
        {
          "type": "opencollective",
          "url": "https://opencollective.com/fastify"
        }
      ],
      "license": "MIT",
      "dependencies": {
        "ajv": "^8.12.0",
        "ajv-formats": "^3.0.1",
        "fast-uri": "^3.0.0"
      }
    },
    "node_modules/@fastify/error": {
      "version": "4.2.0",
      "funding": [
        {
          "type": "github",
          "url": "https://github.com/sponsors/fastify"
        },
        {
          "type": "opencollective",
          "url": "https://opencollective.com/fastify"
        }
      ],
      "license": "MIT"
    },
    "node_modules/@fastify/fast-json-stringify-compiler": {
      "version": "5.0.3",
      "funding": [
        {
          "type": "github",
          "url": "https://github.com/sponsors/fastify"
        },
        {
          "type": "opencollective",
          "url": "https://opencollective.com/fastify"
        }
      ],
      "license": "MIT",
      "dependencies": {
        "fast-json-stringify": "^6.0.0"
      }
    },
    "node_modules/@fastify/forwarded": {
      "version": "3.0.1",
      "funding": [
        {
          "type": "github",
          "url": "https://github.com/sponsors/fastify"
        },
        {
          "type": "opencollective",
          "url": "https://opencollective.com/fastify"
        }
      ],
      "license": "MIT"
    },
    "node_modules/@fastify/merge-json-schemas": {
      "version": "0.2.1",
      "funding": [
        {
          "type": "github",
          "url": "https://github.com/sponsors/fastify"
        },
        {
          "type": "opencollective",
          "url": "https://opencollective.com/fastify"
        }
      ],
      "license": "MIT",
      "dependencies": {
        "dequal": "^2.0.3"
      }
    },
    "node_modules/@fastify/proxy-addr": {
      "version": "5.1.0",
      "funding": [
        {
          "type": "github",
          "url": "https://github.com/sponsors/fastify"
        },
        {
          "type": "opencollective",
          "url": "https://opencollective.com/fastify"
        }
      ],
      "license": "MIT",
      "dependencies": {
        "@fastify/forwarded": "^3.0.0",
        "ipaddr.js": "^2.1.0"
      }
    },
    "node_modules/@manypkg/find-root": {
      "version": "3.1.0",
      "resolved": "https://registry.npmjs.org/@manypkg/find-root/-/find-root-3.1.0.tgz",
      "integrity": "sha512-BcSqCyKhBVZ5YkSzOiheMCV41kqAFptW6xGqYSTjkVTl9XQpr+pqHhwgGCOHQtjDCv7Is6EFyA14Sm5GVbVABA==",
      "dev": true,
      "license": "MIT",
      "dependencies": {
        "@manypkg/tools": "^2.1.0"
      },
      "engines": {
        "node": ">=20.0.0"
      }
    },
    "node_modules/@manypkg/get-packages": {
      "version": "3.1.0",
      "resolved": "https://registry.npmjs.org/@manypkg/get-packages/-/get-packages-3.1.0.tgz",
      "integrity": "sha512-0TbBVyvPrP7xGYBI/cP8UP+yl/z+HtbTttAD7FMAJgn/kXOTwh5/60TsqP9ZYY710forNfyV0N8P/IE/ujGZJg==",
      "dev": true,
      "license": "MIT",
      "dependencies": {
        "@manypkg/find-root": "^3.1.0",
        "@manypkg/tools": "^2.1.0"
      },
      "engines": {
        "node": ">=20.0.0"
      }
    },
    "node_modules/@manypkg/tools": {
      "version": "2.1.2",
      "resolved": "https://registry.npmjs.org/@manypkg/tools/-/tools-2.1.2.tgz",
      "integrity": "sha512-6QEf6yqFbETdwGITKq57aYoPfX/3K8XFNwsAlx0C1M7o8cb79sv1M3w+tWuWvIcSbNqrLF7OD7YpZMVVz335hQ==",
      "dev": true,
      "license": "MIT",
      "dependencies": {
        "jju": "^1.4.0",
        "tinyglobby": "^0.2.13",
        "yaml": "^2.9.0"
      },
      "engines": {
        "node": ">=20.0.0"
      }
    },
    "node_modules/@pinojs/redact": {
      "version": "0.4.0",
      "license": "MIT"
    },
    "node_modules/@pnpm/deps.graph-sequencer": {
      "version": "1100.0.1",
      "resolved": "https://registry.npmjs.org/@pnpm/deps.graph-sequencer/-/deps.graph-sequencer-1100.0.1.tgz",
      "integrity": "sha512-pOr5+q1fLYKwFN3LAJuGZEnfXDcQ73zqgDHMtGy+K+uIoUqyY+6MeDCWFwfu+4EFuq76I5EPFofoNAI+Bmmq4A==",
      "dev": true,
      "license": "MIT",
      "engines": {
        "node": ">=22.13"
      },
      "funding": {
        "url": "https://opencollective.com/pnpm"
      }
    },
    "node_modules/@rhwp/core": {
      "version": "0.7.3",
      "resolved": "https://registry.npmjs.org/@rhwp/core/-/core-0.7.3.tgz",
      "integrity": "sha512-nueIqvZbW0v84y0xnRJhwPoYE0kHUZ9gOSiBn33xW4O7VxX/WgfMTbhevXoY8c0ryIH3Zd4ba27nK062l3uW1g==",
      "license": "MIT"
    },
    "node_modules/@types/node": {
      "version": "22.19.15",
      "dev": true,
      "license": "MIT",
      "dependencies": {
        "undici-types": "~6.21.0"
      }
    },
    "node_modules/abstract-logging": {
      "version": "2.0.1",
      "license": "MIT"
    },
    "node_modules/ajv": {
      "version": "8.18.0",
      "license": "MIT",
      "dependencies": {
        "fast-deep-equal": "^3.1.3",
        "fast-uri": "^3.0.1",
        "json-schema-traverse": "^1.0.0",
        "require-from-string": "^2.0.2"
      },
      "funding": {
        "type": "github",
        "url": "https://github.com/sponsors/epoberezkin"
      }
    },
    "node_modules/ajv-formats": {
      "version": "3.0.1",
      "license": "MIT",
      "dependencies": {
        "ajv": "^8.0.0"
      },
      "peerDependencies": {
        "ajv": "^8.0.0"
      },
      "peerDependenciesMeta": {
        "ajv": {
          "optional": true
        }
      }
    },
    "node_modules/atomic-sleep": {
      "version": "1.0.0",
      "license": "MIT",
      "engines": {
        "node": ">=8.0.0"
      }
    },
    "node_modules/avvio": {
      "version": "9.2.0",
      "funding": [
        {
          "type": "github",
          "url": "https://github.com/sponsors/fastify"
        },
        {
          "type": "opencollective",
          "url": "https://opencollective.com/fastify"
        }
      ],
      "license": "MIT",
      "dependencies": {
        "@fastify/error": "^4.0.0",
        "fastq": "^1.17.1"
      }
    },
    "node_modules/cac": {
      "version": "7.0.0",
      "resolved": "https://registry.npmjs.org/cac/-/cac-7.0.0.tgz",
      "integrity": "sha512-tixWYgm5ZoOD+3g6UTea91eow5z6AAHaho3g0V9CNSNb45gM8SmflpAc+GRd1InC4AqN/07Unrgp56Y94N9hJQ==",
      "dev": true,
      "license": "MIT",
      "engines": {
        "node": ">=20.19.0"
      }
    },
    "node_modules/cheap-gas-nearby": {
      "resolved": "packages/cheap-gas-nearby",
      "link": true
    },
    "node_modules/cookie": {
      "version": "1.1.1",
      "license": "MIT",
      "engines": {
        "node": ">=18"
      },
      "funding": {
        "type": "opencollective",
        "url": "https://opencollective.com/express"
      }
    },
    "node_modules/court-auction-notice-search": {
      "resolved": "packages/court-auction-notice-search",
      "link": true
    },
    "node_modules/daishin-report-search": {
      "resolved": "packages/daishin-report-search",
      "link": true
    },
    "node_modules/daiso-product-search": {
      "resolved": "packages/daiso-product-search",
      "link": true
    },
    "node_modules/dequal": {
      "version": "2.0.3",
      "license": "MIT",
      "engines": {
        "node": ">=6"
      }
    },
    "node_modules/donation-place-search": {
      "resolved": "packages/donation-place-search",
      "link": true
    },
    "node_modules/emergency-room-beds": {
      "resolved": "packages/emergency-room-beds",
      "link": true
    },
    "node_modules/fast-decode-uri-component": {
      "version": "1.0.1",
      "license": "MIT"
    },
    "node_modules/fast-deep-equal": {
      "version": "3.1.3",
      "license": "MIT"
    },
    "node_modules/fast-json-stringify": {
      "version": "6.3.0",
      "funding": [
        {
          "type": "github",
          "url": "https://github.com/sponsors/fastify"
        },
        {
          "type": "opencollective",
          "url": "https://opencollective.com/fastify"
        }
      ],
      "license": "MIT",
      "dependencies": {
        "@fastify/merge-json-schemas": "^0.2.0",
        "ajv": "^8.12.0",
        "ajv-formats": "^3.0.1",
        "fast-uri": "^3.0.0",
        "json-schema-ref-resolver": "^3.0.0",
        "rfdc": "^1.2.0"
      }
    },
    "node_modules/fast-querystring": {
      "version": "1.1.2",
      "license": "MIT",
      "dependencies": {
        "fast-decode-uri-component": "^1.0.1"
      }
    },
    "node_modules/fast-string-truncated-width": {
      "version": "3.0.3",
      "resolved": "https://registry.npmjs.org/fast-string-truncated-width/-/fast-string-truncated-width-3.0.3.tgz",
      "integrity": "sha512-0jjjIEL6+0jag3l2XWWizO64/aZVtpiGE3t0Zgqxv0DPuxiMjvB3M24fCyhZUO4KomJQPj3LTSUnDP3GpdwC0g==",
      "dev": true,
      "license": "MIT"
    },
    "node_modules/fast-string-width": {
      "version": "3.0.2",
      "resolved": "https://registry.npmjs.org/fast-string-width/-/fast-string-width-3.0.2.tgz",
      "integrity": "sha512-gX8LrtNEI5hq8DVUfRQMbr5lpaS4nMIWV+7XEbXk2b8kiQIizgnlr12B4dA3ZEx3308ze0O4Q1R+cHts8kyUJg==",
      "dev": true,
      "license": "MIT",
      "dependencies": {
        "fast-string-truncated-width": "^3.0.2"
      }
    },
    "node_modules/fast-uri": {
      "version": "3.1.0",
      "funding": [
        {
          "type": "github",
          "url": "https://github.com/sponsors/fastify"
        },
        {
          "type": "opencollective",
          "url": "https://opencollective.com/fastify"
        }
      ],
      "license": "BSD-3-Clause"
    },
    "node_modules/fast-wrap-ansi": {
      "version": "0.2.2",
      "resolved": "https://registry.npmjs.org/fast-wrap-ansi/-/fast-wrap-ansi-0.2.2.tgz",
      "integrity": "sha512-7F2Fl+TjRSenLqlU3UjSH0iyqopqoZIu7eZVpEirP2g1GtWa2G/ecEmBdgz31+Mxr+ELclgg6sokpSFIQiZ02Q==",
      "dev": true,
      "license": "MIT",
      "dependencies": {
        "fast-string-width": "^3.0.2"
      }
    },
    "node_modules/fastify": {
      "version": "5.8.4",
      "funding": [
        {
          "type": "github",
          "url": "https://github.com/sponsors/fastify"
        },
        {
          "type": "opencollective",
          "url": "https://opencollective.com/fastify"
        }
      ],
      "license": "MIT",
      "dependencies": {
        "@fastify/ajv-compiler": "^4.0.5",
        "@fastify/error": "^4.0.0",
        "@fastify/fast-json-stringify-compiler": "^5.0.0",
        "@fastify/proxy-addr": "^5.0.0",
        "abstract-logging": "^2.0.1",
        "avvio": "^9.0.0",
        "fast-json-stringify": "^6.0.0",
        "find-my-way": "^9.0.0",
        "light-my-request": "^6.0.0",
        "pino": "^9.14.0 || ^10.1.0",
        "process-warning": "^5.0.0",
        "rfdc": "^1.3.1",
        "secure-json-parse": "^4.0.0",
        "semver": "^7.6.0",
        "toad-cache": "^3.7.0"
      }
    },
    "node_modules/fastq": {
      "version": "1.20.1",
      "license": "ISC",
      "dependencies": {
        "reusify": "^1.0.4"
      }
    },
    "node_modules/fdir": {
      "version": "6.5.0",
      "resolved": "https://registry.npmjs.org/fdir/-/fdir-6.5.0.tgz",
      "integrity": "sha512-tIbYtZbucOs0BRGqPJkshJUYdL+SDH7dVM8gjy+ERp3WAUjLEFJE+02kanyHtwjWOnwrKYBiwAmM0p4kLJAnXg==",
      "dev": true,
      "license": "MIT",
      "engines": {
        "node": ">=12.0.0"
      },
      "peerDependencies": {
        "picomatch": "^3 || ^4"
      },
      "peerDependenciesMeta": {
        "picomatch": {
          "optional": true
        }
      }
    },
    "node_modules/find-my-way": {
      "version": "9.5.0",
      "license": "MIT",
      "dependencies": {
        "fast-deep-equal": "^3.1.3",
        "fast-querystring": "^1.0.0",
        "safe-regex2": "^5.0.0"
      },
      "engines": {
        "node": ">=20"
      }
    },
    "node_modules/fsevents": {
      "version": "2.3.2",
      "resolved": "https://registry.npmjs.org/fsevents/-/fsevents-2.3.2.tgz",
      "integrity": "sha512-xiqMQR4xAeHTuB9uWm+fFRcIOgKBMiOBP+eXiyT7jsgVCq1bkVygt00oASowB7EdtpOHaaPgKt812P9ab+DDKA==",
      "hasInstallScript": true,
      "license": "MIT",
      "optional": true,
      "os": [
        "darwin"
      ],
      "engines": {
        "node": "^8.16.0 || ^10.6.0 || >=11.0.0"
      }
    },
    "node_modules/gangnamunni-clinic-search": {
      "resolved": "packages/gangnamunni-clinic-search",
      "link": true
    },
    "node_modules/gongsijiga-search": {
      "resolved": "packages/gongsijiga-search",
      "link": true
    },
    "node_modules/hipass-receipt": {
      "resolved": "packages/hipass-receipt",
      "link": true
    },
    "node_modules/human-id": {
      "version": "4.2.1",
      "resolved": "https://registry.npmjs.org/human-id/-/human-id-4.2.1.tgz",
      "integrity": "sha512-zPGsiS+dWoTZtZ4AtpA9Y+BdSFSNWvnouNlWNoUFyAM6xHOHmdCvqO3k8AIbdamCOv4gUFUVNPf6rJFfc4UiJw==",
      "dev": true,
      "license": "MIT",
      "bin": {
        "human-id": "dist/cli.js"
      }
    },
    "node_modules/import-meta-resolve": {
      "version": "4.2.0",
      "resolved": "https://registry.npmjs.org/import-meta-resolve/-/import-meta-resolve-4.2.0.tgz",
      "integrity": "sha512-Iqv2fzaTQN28s/FwZAoFq0ZSs/7hMAHJVX+w8PZl3cY19Pxk6jFFalxQoIfW2826i/fDLXv8IiEZRIT0lDuWcg==",
      "dev": true,
      "license": "MIT",
      "funding": {
        "type": "github",
        "url": "https://github.com/sponsors/wooorm"
      }
    },
    "node_modules/ipaddr.js": {
      "version": "2.3.0",
      "license": "MIT",
      "engines": {
        "node": ">= 10"
      }
    },
    "node_modules/jju": {
      "version": "1.4.0",
      "resolved": "https://registry.npmjs.org/jju/-/jju-1.4.0.tgz",
      "integrity": "sha512-8wb9Yw966OSxApiCt0K3yNJL8pnNeIv+OEq2YMidz4FKP6nonSRoOXc80iXY4JaN2FC11B9qsNmDsm+ZOfMROA==",
      "dev": true,
      "license": "MIT"
    },
    "node_modules/json-schema-ref-resolver": {
      "version": "3.0.0",
      "funding": [
        {
          "type": "github",
          "url": "https://github.com/sponsors/fastify"
        },
        {
          "type": "opencollective",
          "url": "https://opencollective.com/fastify"
        }
      ],
      "license": "MIT",
      "dependencies": {
        "dequal": "^2.0.3"
      }
    },
    "node_modules/json-schema-traverse": {
      "version": "1.0.0",
      "license": "MIT"
    },
    "node_modules/jsonc-parser": {
      "version": "3.3.1",
      "resolved": "https://registry.npmjs.org/jsonc-parser/-/jsonc-parser-3.3.1.tgz",
      "integrity": "sha512-HUgH65KyejrUFPvHFPbqOY0rsFip3Bo5wb4ngvdi1EpCYWUQDC5V+Y7mZws+DLkr4M//zQJoanu1SP+87Dv1oQ==",
      "dev": true,
      "license": "MIT"
    },
    "node_modules/k-lotto": {
      "resolved": "packages/k-lotto",
      "link": true
    },
    "node_modules/k-skill-proxy": {
      "resolved": "packages/k-skill-proxy",
      "link": true
    },
    "node_modules/k-skill-rhwp": {
      "resolved": "packages/k-skill-rhwp",
      "link": true
    },
    "node_modules/kakao-bar-nearby": {
      "resolved": "packages/kakao-bar-nearby",
      "link": true
    },
    "node_modules/kbl-results": {
      "resolved": "packages/kbl-results",
      "link": true
    },
    "node_modules/kleague-results": {
      "resolved": "packages/kleague-results",
      "link": true
    },
    "node_modules/korean-marathon-schedule": {
      "resolved": "packages/korean-marathon-schedule",
      "link": true
    },
    "node_modules/launch-editor": {
      "version": "2.14.1",
      "resolved": "https://registry.npmjs.org/launch-editor/-/launch-editor-2.14.1.tgz",
      "integrity": "sha512-QWBrQsMpH7gPr965dsKD/3cKWiNoTjpATQf++Xq63N6sKRGMwlVXz41O1IZTMfZQgBctD/K5Zt06+/I6pP6+HA==",
      "dev": true,
      "license": "MIT",
      "dependencies": {
        "picocolors": "^1.1.1",
        "shell-quote": "^1.8.4"
      }
    },
    "node_modules/lck-analytics": {
      "resolved": "packages/lck-analytics",
      "link": true
    },
    "node_modules/light-my-request": {
      "version": "6.6.0",
      "funding": [
        {
          "type": "github",
          "url": "https://github.com/sponsors/fastify"
        },
        {
          "type": "opencollective",
          "url": "https://opencollective.com/fastify"
        }
      ],
      "license": "BSD-3-Clause",
      "dependencies": {
        "cookie": "^1.0.1",
        "process-warning": "^4.0.0",
        "set-cookie-parser": "^2.6.0"
      }
    },
    "node_modules/light-my-request/node_modules/process-warning": {
      "version": "4.0.1",
      "funding": [
        {
          "type": "github",
          "url": "https://github.com/sponsors/fastify"
        },
        {
          "type": "opencollective",
          "url": "https://opencollective.com/fastify"
        }
      ],
      "license": "MIT"
    },
    "node_modules/local-election-candidate-search": {
      "resolved": "packages/local-election-candidate-search",
      "link": true
    },
    "node_modules/market-kurly-search": {
      "resolved": "packages/market-kurly-search",
      "link": true
    },
    "node_modules/on-exit-leak-free": {
      "version": "2.1.2",
      "license": "MIT",
      "engines": {
        "node": ">=14.0.0"
      }
    },
    "node_modules/package-manager-detector": {
      "version": "1.8.0",
      "resolved": "https://registry.npmjs.org/package-manager-detector/-/package-manager-detector-1.8.0.tgz",
      "integrity": "sha512-yQA4H19AmPEoMUeavPMDIe1higySl/gH/yaQrkT/s07Qp+7pp2hYz30N3z2l5BkjVkF9Ow6o0wjJamm2y7Sn0A==",
      "dev": true,
      "license": "MIT"
    },
    "node_modules/parking-lot-search": {
      "resolved": "packages/parking-lot-search",
      "link": true
    },
    "node_modules/picocolors": {
      "version": "1.1.1",
      "resolved": "https://registry.npmjs.org/picocolors/-/picocolors-1.1.1.tgz",
      "integrity": "sha512-xceH2snhtb5M9liqDsmEw56le376mTZkEX/jEb/RxNFyegNul7eNslCXP9FDj/Lcu0X8KEyMceP2ntpaHrDEVA==",
      "dev": true,
      "license": "ISC"
    },
    "node_modules/picomatch": {
      "version": "4.0.7",
      "resolved": "https://registry.npmjs.org/picomatch/-/picomatch-4.0.7.tgz",
      "integrity": "sha512-qcJu88Q2IWqJsDD529JKMdwGm/dvInW4HvQnRwiH9JtihJvzGOscDtHE3x1pBKeUOTysQ8kVmLnJ2kJu7yhcGA==",
      "dev": true,
      "license": "MIT",
      "engines": {
        "node": ">=12"
      },
      "funding": {
        "url": "https://github.com/sponsors/jonschlinkert"
      }
    },
    "node_modules/pino": {
      "version": "10.3.1",
      "license": "MIT",
      "dependencies": {
        "@pinojs/redact": "^0.4.0",
        "atomic-sleep": "^1.0.0",
        "on-exit-leak-free": "^2.1.0",
        "pino-abstract-transport": "^3.0.0",
        "pino-std-serializers": "^7.0.0",
        "process-warning": "^5.0.0",
        "quick-format-unescaped": "^4.0.3",
        "real-require": "^0.2.0",
        "safe-stable-stringify": "^2.3.1",
        "sonic-boom": "^4.0.1",
        "thread-stream": "^4.0.0"
      },
      "bin": {
        "pino": "bin.js"
      }
    },
    "node_modules/pino-abstract-transport": {
      "version": "3.0.0",
      "license": "MIT",
      "dependencies": {
        "split2": "^4.0.0"
      }
    },
    "node_modules/pino-std-serializers": {
      "version": "7.1.0",
      "license": "MIT"
    },
    "node_modules/playwright-core": {
      "version": "1.59.1",
      "resolved": "https://registry.npmjs.org/playwright-core/-/playwright-core-1.59.1.tgz",
      "integrity": "sha512-HBV/RJg81z5BiiZ9yPzIiClYV/QMsDCKUyogwH9p3MCP6IYjUFu/MActgYAvK0oWyV9NlwM3GLBjADyWgydVyg==",
      "license": "Apache-2.0",
      "bin": {
        "playwright-core": "cli.js"
      },
      "engines": {
        "node": ">=18"
      }
    },
    "node_modules/process-warning": {
      "version": "5.0.0",
      "funding": [
        {
          "type": "github",
          "url": "https://github.com/sponsors/fastify"
        },
        {
          "type": "opencollective",
          "url": "https://opencollective.com/fastify"
        }
      ],
      "license": "MIT"
    },
    "node_modules/public-restroom-nearby": {
      "resolved": "packages/public-restroom-nearby",
      "link": true
    },
    "node_modules/quick-format-unescaped": {
      "version": "4.0.4",
      "license": "MIT"
    },
    "node_modules/real-require": {
      "version": "0.2.0",
      "license": "MIT",
      "engines": {
        "node": ">= 12.13.0"
      }
    },
    "node_modules/rebrowser-playwright": {
      "version": "1.52.0",
      "resolved": "https://registry.npmjs.org/rebrowser-playwright/-/rebrowser-playwright-1.52.0.tgz",
      "integrity": "sha512-UjpqfwmF9+XtOuCCxGQ2ZlLeuSaSv//4Z6ZQgYPsJovz3d7nWodCd2hSRQigAswAUnsPmVwnQUpSn+TLKaKV+A==",
      "license": "Apache-2.0",
      "optional": true,
      "dependencies": {
        "playwright-core": "npm:rebrowser-playwright-core@~1.52.0"
      },
      "bin": {
        "playwright": "cli.js"
      },
      "engines": {
        "node": ">=18"
      },
      "optionalDependencies": {
        "fsevents": "2.3.2"
      }
    },
    "node_modules/rebrowser-playwright/node_modules/playwright-core": {
      "name": "rebrowser-playwright-core",
      "version": "1.52.0",
      "resolved": "https://registry.npmjs.org/rebrowser-playwright-core/-/rebrowser-playwright-core-1.52.0.tgz",
      "integrity": "sha512-gjrvLNh0RX6B/tg6pWaPNGf+9+z1Jl2EyAh5MXD5xMa2lputGRZ9V2MJ/uofcC5Np3vSOJ3SdVSRqwteC0FjfQ==",
      "license": "Apache-2.0",
      "optional": true,
      "bin": {
        "playwright-core": "cli.js"
      },
      "engines": {
        "node": ">=18"
      }
    },
    "node_modules/require-from-string": {
      "version": "2.0.2",
      "license": "MIT",
      "engines": {
        "node": ">=0.10.0"
      }
    },
    "node_modules/ret": {
      "version": "0.5.0",
      "license": "MIT",
      "engines": {
        "node": ">=10"
      }
    },
    "node_modules/reusify": {
      "version": "1.1.0",
      "license": "MIT",
      "engines": {
        "iojs": ">=1.0.0",
        "node": ">=0.10.0"
      }
    },
    "node_modules/rfdc": {
      "version": "1.4.1",
      "license": "MIT"
    },
    "node_modules/safe-regex2": {
      "version": "5.1.0",
      "funding": [
        {
          "type": "github",
          "url": "https://github.com/sponsors/fastify"
        },
        {
          "type": "opencollective",
          "url": "https://opencollective.com/fastify"
        }
      ],
      "license": "MIT",
      "dependencies": {
        "ret": "~0.5.0"
      },
      "bin": {
        "safe-regex2": "bin/safe-regex2.js"
      }
    },
    "node_modules/safe-stable-stringify": {
      "version": "2.5.0",
      "license": "MIT",
      "engines": {
        "node": ">=10"
      }
    },
    "node_modules/secure-json-parse": {
      "version": "4.1.0",
      "funding": [
        {
          "type": "github",
          "url": "https://github.com/sponsors/fastify"
        },
        {
          "type": "opencollective",
          "url": "https://opencollective.com/fastify"
        }
      ],
      "license": "BSD-3-Clause"
    },
    "node_modules/semver": {
      "version": "7.8.5",
      "resolved": "https://registry.npmjs.org/semver/-/semver-7.8.5.tgz",
      "integrity": "sha512-Y7/KDsb8LjooZpwaqGyulO6DQlksgCncchHGk+sZIY4SBvUocMBEFH5Ur1fI4dV+Jvl0w6cjvucaIi40puRioA==",
      "license": "ISC",
      "bin": {
        "semver": "bin/semver.js"
      },
      "engines": {
        "node": ">=10"
      }
    },
    "node_modules/set-cookie-parser": {
      "version": "2.7.2",
      "license": "MIT"
    },
    "node_modules/sh-notice-search": {
      "resolved": "packages/sh-notice-search",
      "link": true
    },
    "node_modules/shell-quote": {
      "version": "1.10.0",
      "resolved": "https://registry.npmjs.org/shell-quote/-/shell-quote-1.10.0.tgz",
      "integrity": "sha512-w1aiOKwKuRgtwAReIIj89puqg+I7GvX4IbLrvmhXbzQsj1+Zwi4VO3+fa6ZF91TWSjIxoEkKnMeHcLEODK5ZXA==",
      "dev": true,
      "license": "MIT",
      "engines": {
        "node": ">= 0.4"
      },
      "funding": {
        "url": "https://github.com/sponsors/ljharb"
      }
    },
    "node_modules/sisteransi": {
      "version": "1.0.5",
      "resolved": "https://registry.npmjs.org/sisteransi/-/sisteransi-1.0.5.tgz",
      "integrity": "sha512-bLGGlR1QxBcynn2d5YmDX4MGjlZvy2MRBDRNHLJ8VI6l6+9FUiyTFNJ0IveOSP0bcXgVDPRcfGqA0pjaqUpfVg==",
      "dev": true,
      "license": "MIT"
    },
    "node_modules/sonic-boom": {
      "version": "4.2.1",
      "license": "MIT",
      "dependencies": {
        "atomic-sleep": "^1.0.0"
      }
    },
    "node_modules/split2": {
      "version": "4.2.0",
      "license": "ISC",
      "engines": {
        "node": ">= 10.x"
      }
    },
    "node_modules/thread-stream": {
      "version": "4.0.0",
      "license": "MIT",
      "dependencies": {
        "real-require": "^0.2.0"
      },
      "engines": {
        "node": ">=20"
      }
    },
    "node_modules/tinyexec": {
      "version": "1.3.0",
      "resolved": "https://registry.npmjs.org/tinyexec/-/tinyexec-1.3.0.tgz",
      "integrity": "sha512-QKAl9m8gWWGHV8jZcPeym6j+XULi6tOf1mT83WYJ4Lk2ytW/uwAWkrP0uFsdoYMdueVJ0qs26wZ+23xeB4ibNQ==",
      "dev": true,
      "license": "MIT",
      "engines": {
        "node": ">=18"
      }
    },
    "node_modules/tinyglobby": {
      "version": "0.2.17",
      "resolved": "https://registry.npmjs.org/tinyglobby/-/tinyglobby-0.2.17.tgz",
      "integrity": "sha512-wXR/dYpcqKmfWpEdZjiKJOwCNFndD0DMnrW/cYjVGttEkBfVgcLFHoNrlj47mjOVic9yyNu65alsgF4NQyTa2g==",
      "dev": true,
      "license": "MIT",
      "dependencies": {
        "fdir": "^6.5.0",
        "picomatch": "^4.0.4"
      },
      "engines": {
        "node": ">=12.0.0"
      },
      "funding": {
        "url": "https://github.com/sponsors/SuperchupuDev"
      }
    },
    "node_modules/toad-cache": {
      "version": "3.7.0",
      "license": "MIT",
      "engines": {
        "node": ">=12"
      }
    },
    "node_modules/toss-securities": {
      "resolved": "packages/toss-securities",
      "link": true
    },
    "node_modules/typescript": {
      "version": "5.9.3",
      "dev": true,
      "license": "Apache-2.0",
      "bin": {
        "tsc": "bin/tsc",
        "tsserver": "bin/tsserver"
      },
      "engines": {
        "node": ">=14.17"
      }
    },
    "node_modules/undici-types": {
      "version": "6.21.0",
      "dev": true,
      "license": "MIT"
    },
    "node_modules/used-car-price-search": {
      "resolved": "packages/used-car-price-search",
      "link": true
    },
    "node_modules/yaml": {
      "version": "2.9.0",
      "resolved": "https://registry.npmjs.org/yaml/-/yaml-2.9.0.tgz",
      "integrity": "sha512-2AvhNX3mb8zd6Zy7INTtSpl1F15HW6Wnqj0srWlkKLcpYl/gMIMJiyuGq2KeI2YFxUPjdlB+3Lc10seMLtL4cA==",
      "dev": true,
      "license": "ISC",
      "bin": {
        "yaml": "bin.mjs"
      },
      "engines": {
        "node": ">= 14.6"
      },
      "funding": {
        "url": "https://github.com/sponsors/eemeli"
      }
    },
    "packages/cheap-gas-nearby": {
      "version": "0.4.0",
      "license": "MIT",
      "engines": {
        "node": ">=18"
      }
    },
    "packages/court-auction-notice-search": {
      "version": "0.3.0",
      "license": "MIT",
      "bin": {
        "court-auction-notice-search": "bin/court-auction-notice-search.js"
      },
      "engines": {
        "node": ">=18"
      },
      "optionalDependencies": {
        "playwright-core": ">=1.40.0",
        "rebrowser-playwright": ">=1.40.0"
      }
    },
    "packages/daishin-report-search": {
      "version": "0.2.0",
      "license": "MIT",
      "bin": {
        "daishin-report-search": "src/cli.js"
      },
      "engines": {
        "node": ">=18"
      }
    },
    "packages/daiso-product-search": {
      "version": "0.6.0",
      "license": "MIT",
      "engines": {
        "node": ">=18"
      }
    },
    "packages/donation-place-search": {
      "version": "0.2.0",
      "license": "MIT",
      "engines": {
        "node": ">=18"
      }
    },
    "packages/emergency-room-beds": {
      "version": "0.4.0",
      "license": "MIT",
      "engines": {
        "node": ">=18"
      }
    },
    "packages/gangnamunni-clinic-search": {
      "version": "0.2.0",
      "license": "MIT",
      "bin": {
        "gangnamunni-clinic-search": "src/cli.js"
      },
      "engines": {
        "node": ">=18"
      }
    },
    "packages/gongsijiga-search": {
      "version": "0.1.1",
      "license": "MIT",
      "engines": {
        "node": ">=18"
      }
    },
    "packages/hipass-receipt": {
      "version": "0.3.0",
      "license": "MIT",
      "dependencies": {
        "playwright-core": "^1.52.0"
      },
      "bin": {
        "hipass-receipt": "src/cli.js"
      },
      "engines": {
        "node": ">=18"
      }
    },
    "packages/k-lotto": {
      "version": "0.2.0",
      "license": "MIT",
      "engines": {
        "node": ">=18"
      }
    },
    "packages/k-skill-proxy": {
      "version": "0.6.1",
      "license": "MIT",
      "dependencies": {
        "fastify": "^5.3.3"
      },
      "engines": {
        "node": ">=18"
      }
    },
    "packages/k-skill-rhwp": {
      "version": "0.2.0",
      "license": "MIT",
      "dependencies": {
        "@rhwp/core": "^0.7.3"
      },
      "bin": {
        "k-skill-rhwp": "bin/k-skill-rhwp.js"
      },
      "engines": {
        "node": ">=18"
      }
    },
    "packages/kakao-bar-nearby": {
      "version": "0.2.0",
      "license": "MIT",
      "engines": {
        "node": ">=18"
      }
    },
    "packages/kbl-results": {
      "version": "0.2.0",
      "license": "MIT",
      "engines": {
        "node": ">=18"
      }
    },
    "packages/kleague-results": {
      "version": "0.2.0",
      "license": "MIT",
      "engines": {
        "node": ">=18"
      }
    },
    "packages/korean-marathon-schedule": {
      "version": "0.2.0",
      "license": "MIT",
      "bin": {
        "korean-marathon-schedule": "src/cli.js"
      },
      "engines": {
        "node": ">=18"
      }
    },
    "packages/lck-analytics": {
      "version": "0.4.0",
      "license": "MIT",
      "engines": {
        "node": ">=18"
      }
    },
    "packages/local-election-candidate-search": {
      "version": "0.4.0",
      "license": "MIT",
      "bin": {
        "local-election-candidate-search": "src/cli.js"
      },
      "engines": {
        "node": ">=18"
      }
    },
    "packages/market-kurly-search": {
      "version": "0.2.0",
      "license": "MIT",
      "engines": {
        "node": ">=18"
      }
    },
    "packages/parking-lot-search": {
      "version": "0.1.3",
      "license": "MIT",
      "engines": {
        "node": ">=18"
      }
    },
    "packages/public-restroom-nearby": {
      "version": "0.3.0",
      "license": "MIT",
      "engines": {
        "node": ">=18"
      }
    },
    "packages/sh-notice-search": {
      "version": "0.4.0",
      "license": "MIT",
      "bin": {
        "sh-notice-search": "src/cli.js"
      },
      "engines": {
        "node": ">=18"
      }
    },
    "packages/toss-securities": {
      "version": "0.4.0",
      "license": "MIT",
      "engines": {
        "node": ">=18"
      }
    },
    "packages/used-car-price-search": {
      "version": "0.5.0",
      "license": "MIT",
      "engines": {
        "node": ">=18"
      }
    }
  }
}
